
Microsoft Visual Studio Solution File, Format Version 12.00
# Visual Studio Version 17
VisualStudioVersion = 17.11.35222.181
MinimumVisualStudioVersion = 10.0.40219.1
Project("{8BC9CEB8-8B4A-11D0-8D11-00A0C91BC942}") = "lab4", "lab4.vcxproj", "{35EDF483-5DB3-404B-87D4-77381EDB4612}"
EndProject
Global
	GlobalSection(SolutionConfigurationPlatforms) = preSolution
		Debug|x64 = Debug|x64
		Debug|x86 = Debug|x86
		Release|x64 = Release|x64
		Release|x86 = Release|x86
	EndGlobalSection
	GlobalSection(ProjectConfigurationPlatforms) = postSolution
		{35EDF483-5DB3-404B-87D4-77381EDB4612}.Debug|x64.ActiveCfg = Debug|x64
		{35EDF483-5DB3-404B-87D4-77381EDB4612}.Debug|x64.Build.0 = Debug|x64
		{35EDF483-5DB3-404B-87D4-77381EDB4612}.Debug|x86.ActiveCfg = Debug|Win32
		{35EDF483-5DB3-404B-87D4-77381EDB4612}.Debug|x86.Build.0 = Debug|Win32
		{35EDF483-5DB3-404B-87D4-77381EDB4612}.Release|x64.ActiveCfg = Release|x64
		{35EDF483-5DB3-404B-87D4-77381EDB4612}.Release|x64.Build.0 = Release|x64
		{35EDF483-5DB3-404B-87D4-77381EDB4612}.Release|x86.ActiveCfg = Release|Win32
		{35EDF483-5DB3-404B-87D4-77381EDB4612}.Release|x86.Build.0 = Release|Win32
	EndGlobalSection
	GlobalSection(SolutionProperties) = preSolution
		HideSolutionNode = FALSE
	EndGlobalSection
	GlobalSection(ExtensibilityGlobals) = postSolution
		SolutionGuid = {1C25A631-7601-4387-82A4-EAC6C8A2F2F3}
	EndGlobalSection
EndGlobal
